
Microsoft Visual Studio Solution File, Format Version 12.00
# Visual Studio Version 17
VisualStudioVersion = 17.10.34707.107
MinimumVisualStudioVersion = 10.0.40219.1
Project("{9A19103F-16F7-4668-BE54-9A1E7A4F7556}") = "DotNetTrainingGmailApp", "DotNetTrainingGmailApp\DotNetTrainingGmailApp.csproj", "{517F7718-9ED3-4784-BDCD-A9181D002F83}"
EndProject
Project("{2150E333-8FDC-42A3-9474-1A3956D46DE8}") = "Documents", "Documents", "{8A8FAF60-BECD-4F1D-93EB-E87C5B5693F5}"
	ProjectSection(SolutionItems) = preProject
		README.md = README.md
	EndProjectSection
EndProject
Global
	GlobalSection(SolutionConfigurationPlatforms) = preSolution
		Debug|Any CPU = Debug|Any CPU
		Release|Any CPU = Release|Any CPU
	EndGlobalSection
	GlobalSection(ProjectConfigurationPlatforms) = postSolution
		{517F7718-9ED3-4784-BDCD-A9181D002F83}.Debug|Any CPU.ActiveCfg = Debug|Any CPU
		{517F7718-9ED3-4784-BDCD-A9181D002F83}.Debug|Any CPU.Build.0 = Debug|Any CPU
		{517F7718-9ED3-4784-BDCD-A9181D002F83}.Release|Any CPU.ActiveCfg = Release|Any CPU
		{517F7718-9ED3-4784-BDCD-A9181D002F83}.Release|Any CPU.Build.0 = Release|Any CPU
	EndGlobalSection
	GlobalSection(SolutionProperties) = preSolution
		HideSolutionNode = FALSE
	EndGlobalSection
	GlobalSection(ExtensibilityGlobals) = postSolution
		SolutionGuid = {02839AFB-FE5E-400E-94D6-3B46E363F096}
	EndGlobalSection
EndGlobal
